<?xml version="1.0" encoding="utf-8"?>
<Project ToolsVersion="4.0" xmlns="http://schemas.microsoft.com/developer/msbuild/2003">
  <ItemGroup>
    <ClInclude Include="src\cuda_event.h">
      <Filter>CudaStuff</Filter>
    </ClInclude>
    <ClInclude Include="src\timer.h">
      <Filter>Utils</Filter>
    </ClInclude>
    <ClInclude Include="src\window.h">
      <Filter>I/O</Filter>
    </ClInclude>
    <ClInclude Include="src\data_helper.h">
      <Filter>DataStructures</Filter>
    </ClInclude>
    <ClInclude Include="src\cuda_grid_map.h">
      <Filter>DataStructures</Filter>
    </ClInclude>
    <ClInclude Include="src\depth_map.h">
      <Filter>DataStructures</Filter>
    </ClInclude>
    <ClInclude Include="src\rigid_transform_3d.h">
      <Filter>DataStructures</Filter>
    </ClInclude>
    <ClInclude Include="src\glm_macro.h">
      <Filter>Utils</Filter>
    </ClInclude>
    <ClInclude Include="src\measurement.cuh">
      <Filter>I/O</Filter>
    </ClInclude>
    <ClInclude Include="src\grid_map_pyramid.h">
      <Filter>DataStructures</Filter>
    </ClInclude>
    <ClInclude Include="src\icp.h">
      <Filter>PoseEstimation</Filter>
    </ClInclude>
    <ClInclude Include="src\cuda_utils.h">
      <Filter>CudaStuff</Filter>
    </ClInclude>
    <ClInclude Include="src\device_helper.cuh">
      <Filter>Utils</Filter>
    </ClInclude>
    <ClInclude Include="src\voxel_grid.h">
      <Filter>DataStructures</Filter>
    </ClInclude>
    <ClInclude Include="src\tsdf.cuh">
      <Filter>Fusion&amp;Raycast</Filter>
    </ClInclude>
    <ClInclude Include="src\sensor.h">
      <Filter>I/O</Filter>
    </ClInclude>
    <ClInclude Include="src\icp.cuh">
      <Filter>PoseEstimation</Filter>
    </ClInclude>
    <ClInclude Include="src\raycast.cuh">
      <Filter>Fusion&amp;Raycast</Filter>
    </ClInclude>
    <ClInclude Include="src\general_helper.h">
      <Filter>Utils</Filter>
    </ClInclude>
    <ClInclude Include="src\display.cuh">
      <Filter>I/O</Filter>
    </ClInclude>
    <ClInclude Include="src\linear_least_squares.h">
      <Filter>PoseEstimation</Filter>
    </ClInclude>
    <ClInclude Include="src\rgbd_dataset.h">
      <Filter>I/O</Filter>
    </ClInclude>
    <ClInclude Include="src\kinect_fusion.h" />
    <ClInclude Include="src\ndt_map_3d.h">
      <Filter>NDT</Filter>
    </ClInclude>
  </ItemGroup>
  <ItemGroup>
    <CudaCompile Include="src\cuda_event.cpp">
      <Filter>CudaStuff</Filter>
    </CudaCompile>
    <CudaCompile Include="src\depth_map.cpp">
      <Filter>DataStructures</Filter>
    </CudaCompile>
    <CudaCompile Include="src\measurement.cu">
      <Filter>I/O</Filter>
    </CudaCompile>
    <CudaCompile Include="src\tsdf.cu">
      <Filter>Fusion&amp;Raycast</Filter>
    </CudaCompile>
    <CudaCompile Include="src\icp.cu">
      <Filter>PoseEstimation</Filter>
    </CudaCompile>
    <CudaCompile Include="src\raycast.cu">
      <Filter>Fusion&amp;Raycast</Filter>
    </CudaCompile>
    <CudaCompile Include="src\display.cu">
      <Filter>I/O</Filter>
    </CudaCompile>
  </ItemGroup>
  <ItemGroup>
    <ClCompile Include="src\main.cpp" />
    <ClCompile Include="src\timer.cpp">
      <Filter>Utils</Filter>
    </ClCompile>
    <ClCompile Include="src\window.cpp">
      <Filter>I/O</Filter>
    </ClCompile>
    <ClCompile Include="src\cuda_grid_map.cpp">
      <Filter>DataStructures</Filter>
    </ClCompile>
    <ClCompile Include="src\icp.cpp">
      <Filter>PoseEstimation</Filter>
    </ClCompile>
    <ClCompile Include="src\voxel_grid.cpp">
      <Filter>DataStructures</Filter>
    </ClCompile>
    <ClCompile Include="src\general_helper.cpp">
      <Filter>Utils</Filter>
    </ClCompile>
    <ClCompile Include="src\linear_least_squares.cpp">
      <Filter>PoseEstimation</Filter>
    </ClCompile>
    <ClCompile Include="src\rgbd_dataset.cpp">
      <Filter>I/O</Filter>
    </ClCompile>
    <ClCompile Include="src\kinect_fusion.cpp" />
  </ItemGroup>
  <ItemGroup>
    <Filter Include="DataStructures">
      <UniqueIdentifier>{8240cbc3-07a3-43cb-9046-1e39692ddc90}</UniqueIdentifier>
    </Filter>
    <Filter Include="CudaStuff">
      <UniqueIdentifier>{a2f5111c-b5c1-4006-99df-dac218dba2d4}</UniqueIdentifier>
    </Filter>
    <Filter Include="Utils">
      <UniqueIdentifier>{91af19ec-0fe7-44ab-bf18-d5aa0d911d73}</UniqueIdentifier>
    </Filter>
    <Filter Include="I/O">
      <UniqueIdentifier>{1d56c85f-6d20-4e83-9da7-63ef3dfff869}</UniqueIdentifier>
    </Filter>
    <Filter Include="PoseEstimation">
      <UniqueIdentifier>{02989829-3f4e-4b08-9189-03ee15d04c51}</UniqueIdentifier>
    </Filter>
    <Filter Include="Fusion&amp;Raycast">
      <UniqueIdentifier>{b06305b5-5221-4dcd-a30d-5293a3365f84}</UniqueIdentifier>
    </Filter>
    <Filter Include="NDT">
      <UniqueIdentifier>{9d29697e-5a36-4207-9cd8-5375dacf6019}</UniqueIdentifier>
    </Filter>
  </ItemGroup>
</Project>