<?xml version="1.0" encoding="utf-8"?>
<Project ToolsVersion="4.0" xmlns="http://schemas.microsoft.com/developer/msbuild/2003">
  <ItemGroup>
    <ClInclude Include="src\measurement.cuh" />
    <ClInclude Include="src\cuda_event.h" />
    <ClInclude Include="src\cuda_utils.h" />
    <ClInclude Include="src\depth_frame.h" />
    <ClInclude Include="src\vertex_map.h" />
    <ClInclude Include="src\normal_map.h" />
  </ItemGroup>
  <ItemGroup>
    <CudaCompile Include="src\measurement.cu" />
    <CudaCompile Include="src\depth_frame.cpp" />
    <CudaCompile Include="src\cuda_event.cpp" />
  </ItemGroup>
  <ItemGroup>
    <ClCompile Include="src\main.cpp" />
    <ClCompile Include="src\vertex_map.cpp" />
    <ClCompile Include="src\normal_map.cpp" />
  </ItemGroup>
</Project>