<?xml version="1.0" encoding="utf-8"?>
<Project ToolsVersion="4.0" xmlns="http://schemas.microsoft.com/developer/msbuild/2003">
  <ItemGroup>
    <ClInclude Include="src\cuda_event.h">
      <Filter>CudaStuff</Filter>
    </ClInclude>
    <ClInclude Include="src\cuda_utils.h">
      <Filter>CudaStuff</Filter>
    </ClInclude>
    <ClInclude Include="src\measurement.cuh">
      <Filter>CudaStuff</Filter>
    </ClInclude>
    <ClInclude Include="src\depth_frame.h">
      <Filter>DataStructures</Filter>
    </ClInclude>
    <ClInclude Include="src\timer.h">
      <Filter>Utils</Filter>
    </ClInclude>
    <ClInclude Include="src\window.h">
      <Filter>Display</Filter>
    </ClInclude>
    <ClInclude Include="src\data_helper.h">
      <Filter>DataStructures</Filter>
    </ClInclude>
    <ClInclude Include="src\cuda_grid_map.h">
      <Filter>DataStructures</Filter>
    </ClInclude>
    <ClInclude Include="src\general_helpers.h">
      <Filter>Utils</Filter>
    </ClInclude>
  </ItemGroup>
  <ItemGroup>
    <CudaCompile Include="src\cuda_event.cpp">
      <Filter>CudaStuff</Filter>
    </CudaCompile>
    <CudaCompile Include="src\measurement.cu">
      <Filter>CudaStuff</Filter>
    </CudaCompile>
    <CudaCompile Include="src\depth_frame.cpp">
      <Filter>DataStructures</Filter>
    </CudaCompile>
  </ItemGroup>
  <ItemGroup>
    <ClCompile Include="src\main.cpp" />
    <ClCompile Include="src\timer.cpp">
      <Filter>Utils</Filter>
    </ClCompile>
    <ClCompile Include="src\window.cpp">
      <Filter>Display</Filter>
    </ClCompile>
    <ClCompile Include="src\cuda_grid_map.cpp">
      <Filter>DataStructures</Filter>
    </ClCompile>
  </ItemGroup>
  <ItemGroup>
    <Filter Include="DataStructures">
      <UniqueIdentifier>{8240cbc3-07a3-43cb-9046-1e39692ddc90}</UniqueIdentifier>
    </Filter>
    <Filter Include="CudaStuff">
      <UniqueIdentifier>{a2f5111c-b5c1-4006-99df-dac218dba2d4}</UniqueIdentifier>
    </Filter>
    <Filter Include="Utils">
      <UniqueIdentifier>{91af19ec-0fe7-44ab-bf18-d5aa0d911d73}</UniqueIdentifier>
    </Filter>
    <Filter Include="Display">
      <UniqueIdentifier>{1d56c85f-6d20-4e83-9da7-63ef3dfff869}</UniqueIdentifier>
    </Filter>
  </ItemGroup>
</Project>